PODS:
  - OpenSSL-Universal (1.0.2.19):
    - OpenSSL-Universal/Static (= 1.0.2.19)
  - OpenSSL-Universal/Static (1.0.2.19)

DEPENDENCIES:
  - OpenSSL-Universal

SPEC REPOS:
  trunk:
    - OpenSSL-Universal

SPEC CHECKSUMS:
  OpenSSL-Universal: 8b48cc0d10c1b2923617dfe5c178aa9ed2689355

PODFILE CHECKSUM: 71dbe9d13278f7e2db6365d374f1eba8196543c3

COCOAPODS: 1.8.4
