{
  "object": {
    "pins": [
      {
        "package": "Payments",
        "repositoryURL": "https://github.com/neilsmithdesign/Payments.git",
        "state": {
          "branch": null,
          "revision": "ae90de6dddf799c585a5a4c00d0f1d7a8bcc1629",
          "version": "0.2.5"
        }
      }
    ]
  },
  "version": 1
}
