{
  "object": {
    "pins": [
      {
        "package": "Payments",
        "repositoryURL": "https://github.com/neilsmithdesign/Payments.git",
        "state": {
          "branch": null,
          "revision": "4720ec488ae49f1898982c62e24744a709cfaf7c",
          "version": "0.3.2"
        }
      }
    ]
  },
  "version": 1
}
