{
  "object": {
    "pins": [
      {
        "package": "Payments",
        "repositoryURL": "https://github.com/neilsmithdesign/Payments.git",
        "state": {
          "branch": null,
          "revision": "ca113148e0f469af6093b12ae8ae68706cde6673",
          "version": "0.2.9"
        }
      }
    ]
  },
  "version": 1
}
